
Microsoft Visual Studio Solution File, Format Version 12.00
# Visual Studio 15
VisualStudioVersion = 15.0.27428.2037
MinimumVisualStudioVersion = 10.0.40219.1
Project("{FAE04EC0-301F-11D3-BF4B-00C04F79EFBC}") = "Revit_ART_ParametresPartages", "Revit_ART_ParametresPartages\Revit_ART_ParametresPartages.csproj", "{EE604D42-192E-4FC8-ADAE-D72AACEBB652}"
EndProject
Global
	GlobalSection(SolutionConfigurationPlatforms) = preSolution
		Debug|Any CPU = Debug|Any CPU
		Release|Any CPU = Release|Any CPU
	EndGlobalSection
	GlobalSection(ProjectConfigurationPlatforms) = postSolution
		{EE604D42-192E-4FC8-ADAE-D72AACEBB652}.Debug|Any CPU.ActiveCfg = Debug|Any CPU
		{EE604D42-192E-4FC8-ADAE-D72AACEBB652}.Debug|Any CPU.Build.0 = Debug|Any CPU
		{EE604D42-192E-4FC8-ADAE-D72AACEBB652}.Release|Any CPU.ActiveCfg = Release|Any CPU
		{EE604D42-192E-4FC8-ADAE-D72AACEBB652}.Release|Any CPU.Build.0 = Release|Any CPU
	EndGlobalSection
	GlobalSection(SolutionProperties) = preSolution
		HideSolutionNode = FALSE
	EndGlobalSection
	GlobalSection(ExtensibilityGlobals) = postSolution
		SolutionGuid = {16963C31-5E8C-4F11-8DA2-19EBF3573D98}
	EndGlobalSection
EndGlobal
